
Microsoft Visual Studio Solution File, Format Version 12.00
# Visual Studio Version 17
VisualStudioVersion = 17.8.34309.116
MinimumVisualStudioVersion = 10.0.40219.1
Project("{9A19103F-16F7-4668-BE54-9A1E7A4F7556}") = "Vogel.Domain", "src\Vogel.Domain\Vogel.Domain.csproj", "{126D2E7F-2563-4252-B7BB-74E3358080F1}"
EndProject
Project("{9A19103F-16F7-4668-BE54-9A1E7A4F7556}") = "Vogel.Host", "src\Vogel.Host\Vogel.Host.csproj", "{105BD321-6A1B-4305-8C03-5715BEE11691}"
EndProject
Project("{9A19103F-16F7-4668-BE54-9A1E7A4F7556}") = "Vogel.Infrastructure", "src\Vogel.Infrastructure\Vogel.Infrastructure.csproj", "{BB86048A-7391-4AF2-B719-CA724E7AD420}"
EndProject
Project("{9A19103F-16F7-4668-BE54-9A1E7A4F7556}") = "Vogel.Application", "src\Vogel.Application\Vogel.Application.csproj", "{EECD4E70-E712-46F0-B4CD-5A2935CA900D}"
EndProject
Project("{9A19103F-16F7-4668-BE54-9A1E7A4F7556}") = "Vogel.Application.IntegrationTest", "tests\Vogel.Application.IntegrationTest\Vogel.Application.IntegrationTest.csproj", "{29F15B88-B4A7-4076-8CBC-47330003615C}"
EndProject
Project("{2150E333-8FDC-42A3-9474-1A3956D46DE8}") = "tests", "tests", "{3586116B-B295-4BE5-B9CF-995158B9C038}"
EndProject
Project("{2150E333-8FDC-42A3-9474-1A3956D46DE8}") = "src", "src", "{485EC930-3FBF-4771-B413-317F001C87A0}"
EndProject
Project("{2150E333-8FDC-42A3-9474-1A3956D46DE8}") = "Libraries", "Libraries", "{3058D2E6-D22D-41C6-84EB-36F96C245F1C}"
EndProject
Project("{9A19103F-16F7-4668-BE54-9A1E7A4F7556}") = "Vogel.BuildingBlocks.EntityFramework", "src\Libraries\Vogel.BuildingBlocks.EntityFramework\Vogel.BuildingBlocks.EntityFramework.csproj", "{29C145C2-A41E-4106-B47C-59D465111FD0}"
EndProject
Project("{9A19103F-16F7-4668-BE54-9A1E7A4F7556}") = "Vogel.BuildingBlocks.Domain", "src\Libraries\Vogel.BuildingBlocks.Domain\Vogel.BuildingBlocks.Domain.csproj", "{C2D6AAFD-E205-4DC6-A3C9-B24FFE9C8DB0}"
EndProject
Project("{9A19103F-16F7-4668-BE54-9A1E7A4F7556}") = "Vogel.BuildingBlocks.Application", "src\Libraries\Vogel.BuildingBlocks.Application\Vogel.BuildingBlocks.Application.csproj", "{A4B2F42A-558B-4AD8-A889-49C66BF97D81}"
EndProject
Project("{9A19103F-16F7-4668-BE54-9A1E7A4F7556}") = "Vogel.BuildingBlocks.MongoDb", "src\Libraries\Vogel.BuildingBlocks.MongoDb\Vogel.BuildingBlocks.MongoDb.csproj", "{5C882639-710A-4C9E-8AA4-4D80861FC8ED}"
EndProject
Project("{9A19103F-16F7-4668-BE54-9A1E7A4F7556}") = "Vogel.MongoDb.Entities", "src\Vogel.MongoDb.Entities\Vogel.MongoDb.Entities.csproj", "{D2BD80B3-0EBD-4EE4-BD4F-3FD1FF39066C}"
EndProject
Project("{2150E333-8FDC-42A3-9474-1A3956D46DE8}") = "Modules", "Modules", "{1E88F137-5504-44DD-A53A-2782D7BAB1D5}"
EndProject
Project("{2150E333-8FDC-42A3-9474-1A3956D46DE8}") = "Social", "Social", "{33602B80-CF6B-4E35-BD1B-6F1EA85CB400}"
EndProject
Project("{9A19103F-16F7-4668-BE54-9A1E7A4F7556}") = "Vogel.Social.Domain", "src\Modules\Social\Vogel.Social.Domain\Vogel.Social.Domain.csproj", "{404B421B-68DE-43E2-903C-60B30C3FEF69}"
EndProject
Project("{9A19103F-16F7-4668-BE54-9A1E7A4F7556}") = "Vogel.Social.MongoEntities", "Vogel.Social.MongoEntities\Vogel.Social.MongoEntities.csproj", "{168C24A7-FF33-4E37-834F-61B0876401D7}"
EndProject
Project("{9A19103F-16F7-4668-BE54-9A1E7A4F7556}") = "Vogel.Social.Shared", "Vogel.Social.Shared\Vogel.Social.Shared.csproj", "{300F0893-9781-45E2-A8B6-5EE499EB3DC9}"
EndProject
Project("{9A19103F-16F7-4668-BE54-9A1E7A4F7556}") = "Vogel.Social.Application", "src\Modules\Social\Vogel.Social.Application\Vogel.Social.Application.csproj", "{EAFDB305-5C89-48B3-93A9-28D914EC23FF}"
EndProject
Project("{FAE04EC0-301F-11D3-BF4B-00C04F79EFBC}") = "Vogel.BuildingBlocks.Shared", "src\Libraries\Vogel.BuildingBlocks.Shared\Vogel.BuildingBlocks.Shared.csproj", "{965C2365-A1E1-47ED-B51D-FABB3E801CE6}"
EndProject
Global
	GlobalSection(SolutionConfigurationPlatforms) = preSolution
		Debug|Any CPU = Debug|Any CPU
		Release|Any CPU = Release|Any CPU
	EndGlobalSection
	GlobalSection(ProjectConfigurationPlatforms) = postSolution
		{126D2E7F-2563-4252-B7BB-74E3358080F1}.Debug|Any CPU.ActiveCfg = Debug|Any CPU
		{126D2E7F-2563-4252-B7BB-74E3358080F1}.Debug|Any CPU.Build.0 = Debug|Any CPU
		{126D2E7F-2563-4252-B7BB-74E3358080F1}.Release|Any CPU.ActiveCfg = Release|Any CPU
		{126D2E7F-2563-4252-B7BB-74E3358080F1}.Release|Any CPU.Build.0 = Release|Any CPU
		{105BD321-6A1B-4305-8C03-5715BEE11691}.Debug|Any CPU.ActiveCfg = Debug|Any CPU
		{105BD321-6A1B-4305-8C03-5715BEE11691}.Debug|Any CPU.Build.0 = Debug|Any CPU
		{105BD321-6A1B-4305-8C03-5715BEE11691}.Release|Any CPU.ActiveCfg = Release|Any CPU
		{105BD321-6A1B-4305-8C03-5715BEE11691}.Release|Any CPU.Build.0 = Release|Any CPU
		{BB86048A-7391-4AF2-B719-CA724E7AD420}.Debug|Any CPU.ActiveCfg = Debug|Any CPU
		{BB86048A-7391-4AF2-B719-CA724E7AD420}.Debug|Any CPU.Build.0 = Debug|Any CPU
		{BB86048A-7391-4AF2-B719-CA724E7AD420}.Release|Any CPU.ActiveCfg = Release|Any CPU
		{BB86048A-7391-4AF2-B719-CA724E7AD420}.Release|Any CPU.Build.0 = Release|Any CPU
		{EECD4E70-E712-46F0-B4CD-5A2935CA900D}.Debug|Any CPU.ActiveCfg = Debug|Any CPU
		{EECD4E70-E712-46F0-B4CD-5A2935CA900D}.Debug|Any CPU.Build.0 = Debug|Any CPU
		{EECD4E70-E712-46F0-B4CD-5A2935CA900D}.Release|Any CPU.ActiveCfg = Release|Any CPU
		{EECD4E70-E712-46F0-B4CD-5A2935CA900D}.Release|Any CPU.Build.0 = Release|Any CPU
		{29F15B88-B4A7-4076-8CBC-47330003615C}.Debug|Any CPU.ActiveCfg = Debug|Any CPU
		{29F15B88-B4A7-4076-8CBC-47330003615C}.Debug|Any CPU.Build.0 = Debug|Any CPU
		{29F15B88-B4A7-4076-8CBC-47330003615C}.Release|Any CPU.ActiveCfg = Release|Any CPU
		{29F15B88-B4A7-4076-8CBC-47330003615C}.Release|Any CPU.Build.0 = Release|Any CPU
		{29C145C2-A41E-4106-B47C-59D465111FD0}.Debug|Any CPU.ActiveCfg = Debug|Any CPU
		{29C145C2-A41E-4106-B47C-59D465111FD0}.Debug|Any CPU.Build.0 = Debug|Any CPU
		{29C145C2-A41E-4106-B47C-59D465111FD0}.Release|Any CPU.ActiveCfg = Release|Any CPU
		{29C145C2-A41E-4106-B47C-59D465111FD0}.Release|Any CPU.Build.0 = Release|Any CPU
		{C2D6AAFD-E205-4DC6-A3C9-B24FFE9C8DB0}.Debug|Any CPU.ActiveCfg = Debug|Any CPU
		{C2D6AAFD-E205-4DC6-A3C9-B24FFE9C8DB0}.Debug|Any CPU.Build.0 = Debug|Any CPU
		{C2D6AAFD-E205-4DC6-A3C9-B24FFE9C8DB0}.Release|Any CPU.ActiveCfg = Release|Any CPU
		{C2D6AAFD-E205-4DC6-A3C9-B24FFE9C8DB0}.Release|Any CPU.Build.0 = Release|Any CPU
		{A4B2F42A-558B-4AD8-A889-49C66BF97D81}.Debug|Any CPU.ActiveCfg = Debug|Any CPU
		{A4B2F42A-558B-4AD8-A889-49C66BF97D81}.Debug|Any CPU.Build.0 = Debug|Any CPU
		{A4B2F42A-558B-4AD8-A889-49C66BF97D81}.Release|Any CPU.ActiveCfg = Release|Any CPU
		{A4B2F42A-558B-4AD8-A889-49C66BF97D81}.Release|Any CPU.Build.0 = Release|Any CPU
		{5C882639-710A-4C9E-8AA4-4D80861FC8ED}.Debug|Any CPU.ActiveCfg = Debug|Any CPU
		{5C882639-710A-4C9E-8AA4-4D80861FC8ED}.Debug|Any CPU.Build.0 = Debug|Any CPU
		{5C882639-710A-4C9E-8AA4-4D80861FC8ED}.Release|Any CPU.ActiveCfg = Release|Any CPU
		{5C882639-710A-4C9E-8AA4-4D80861FC8ED}.Release|Any CPU.Build.0 = Release|Any CPU
		{D2BD80B3-0EBD-4EE4-BD4F-3FD1FF39066C}.Debug|Any CPU.ActiveCfg = Debug|Any CPU
		{D2BD80B3-0EBD-4EE4-BD4F-3FD1FF39066C}.Debug|Any CPU.Build.0 = Debug|Any CPU
		{D2BD80B3-0EBD-4EE4-BD4F-3FD1FF39066C}.Release|Any CPU.ActiveCfg = Release|Any CPU
		{D2BD80B3-0EBD-4EE4-BD4F-3FD1FF39066C}.Release|Any CPU.Build.0 = Release|Any CPU
		{404B421B-68DE-43E2-903C-60B30C3FEF69}.Debug|Any CPU.ActiveCfg = Debug|Any CPU
		{404B421B-68DE-43E2-903C-60B30C3FEF69}.Debug|Any CPU.Build.0 = Debug|Any CPU
		{404B421B-68DE-43E2-903C-60B30C3FEF69}.Release|Any CPU.ActiveCfg = Release|Any CPU
		{404B421B-68DE-43E2-903C-60B30C3FEF69}.Release|Any CPU.Build.0 = Release|Any CPU
		{168C24A7-FF33-4E37-834F-61B0876401D7}.Debug|Any CPU.ActiveCfg = Debug|Any CPU
		{168C24A7-FF33-4E37-834F-61B0876401D7}.Debug|Any CPU.Build.0 = Debug|Any CPU
		{168C24A7-FF33-4E37-834F-61B0876401D7}.Release|Any CPU.ActiveCfg = Release|Any CPU
		{168C24A7-FF33-4E37-834F-61B0876401D7}.Release|Any CPU.Build.0 = Release|Any CPU
		{300F0893-9781-45E2-A8B6-5EE499EB3DC9}.Debug|Any CPU.ActiveCfg = Debug|Any CPU
		{300F0893-9781-45E2-A8B6-5EE499EB3DC9}.Debug|Any CPU.Build.0 = Debug|Any CPU
		{300F0893-9781-45E2-A8B6-5EE499EB3DC9}.Release|Any CPU.ActiveCfg = Release|Any CPU
		{300F0893-9781-45E2-A8B6-5EE499EB3DC9}.Release|Any CPU.Build.0 = Release|Any CPU
		{EAFDB305-5C89-48B3-93A9-28D914EC23FF}.Debug|Any CPU.ActiveCfg = Debug|Any CPU
		{EAFDB305-5C89-48B3-93A9-28D914EC23FF}.Debug|Any CPU.Build.0 = Debug|Any CPU
		{EAFDB305-5C89-48B3-93A9-28D914EC23FF}.Release|Any CPU.ActiveCfg = Release|Any CPU
		{EAFDB305-5C89-48B3-93A9-28D914EC23FF}.Release|Any CPU.Build.0 = Release|Any CPU
		{965C2365-A1E1-47ED-B51D-FABB3E801CE6}.Debug|Any CPU.ActiveCfg = Debug|Any CPU
		{965C2365-A1E1-47ED-B51D-FABB3E801CE6}.Debug|Any CPU.Build.0 = Debug|Any CPU
		{965C2365-A1E1-47ED-B51D-FABB3E801CE6}.Release|Any CPU.ActiveCfg = Release|Any CPU
		{965C2365-A1E1-47ED-B51D-FABB3E801CE6}.Release|Any CPU.Build.0 = Release|Any CPU
	EndGlobalSection
	GlobalSection(SolutionProperties) = preSolution
		HideSolutionNode = FALSE
	EndGlobalSection
	GlobalSection(NestedProjects) = preSolution
		{126D2E7F-2563-4252-B7BB-74E3358080F1} = {485EC930-3FBF-4771-B413-317F001C87A0}
		{105BD321-6A1B-4305-8C03-5715BEE11691} = {485EC930-3FBF-4771-B413-317F001C87A0}
		{BB86048A-7391-4AF2-B719-CA724E7AD420} = {485EC930-3FBF-4771-B413-317F001C87A0}
		{EECD4E70-E712-46F0-B4CD-5A2935CA900D} = {485EC930-3FBF-4771-B413-317F001C87A0}
		{29F15B88-B4A7-4076-8CBC-47330003615C} = {3586116B-B295-4BE5-B9CF-995158B9C038}
		{3058D2E6-D22D-41C6-84EB-36F96C245F1C} = {485EC930-3FBF-4771-B413-317F001C87A0}
		{29C145C2-A41E-4106-B47C-59D465111FD0} = {3058D2E6-D22D-41C6-84EB-36F96C245F1C}
		{C2D6AAFD-E205-4DC6-A3C9-B24FFE9C8DB0} = {3058D2E6-D22D-41C6-84EB-36F96C245F1C}
		{A4B2F42A-558B-4AD8-A889-49C66BF97D81} = {3058D2E6-D22D-41C6-84EB-36F96C245F1C}
		{5C882639-710A-4C9E-8AA4-4D80861FC8ED} = {3058D2E6-D22D-41C6-84EB-36F96C245F1C}
		{D2BD80B3-0EBD-4EE4-BD4F-3FD1FF39066C} = {485EC930-3FBF-4771-B413-317F001C87A0}
		{1E88F137-5504-44DD-A53A-2782D7BAB1D5} = {485EC930-3FBF-4771-B413-317F001C87A0}
		{33602B80-CF6B-4E35-BD1B-6F1EA85CB400} = {1E88F137-5504-44DD-A53A-2782D7BAB1D5}
		{404B421B-68DE-43E2-903C-60B30C3FEF69} = {33602B80-CF6B-4E35-BD1B-6F1EA85CB400}
		{168C24A7-FF33-4E37-834F-61B0876401D7} = {33602B80-CF6B-4E35-BD1B-6F1EA85CB400}
		{300F0893-9781-45E2-A8B6-5EE499EB3DC9} = {33602B80-CF6B-4E35-BD1B-6F1EA85CB400}
		{EAFDB305-5C89-48B3-93A9-28D914EC23FF} = {33602B80-CF6B-4E35-BD1B-6F1EA85CB400}
		{965C2365-A1E1-47ED-B51D-FABB3E801CE6} = {3058D2E6-D22D-41C6-84EB-36F96C245F1C}
	EndGlobalSection
	GlobalSection(ExtensibilityGlobals) = postSolution
		SolutionGuid = {A7AC3C50-99B3-48CD-965D-64A3D2BDD554}
	EndGlobalSection
EndGlobal
