
Microsoft Visual Studio Solution File, Format Version 12.00
# Visual Studio Version 17
VisualStudioVersion = 17.8.34309.116
MinimumVisualStudioVersion = 10.0.40219.1
Project("{FAE04EC0-301F-11D3-BF4B-00C04F79EFBC}") = "Vogel.Domain", "Vogel.Domain\Vogel.Domain.csproj", "{126D2E7F-2563-4252-B7BB-74E3358080F1}"
EndProject
Project("{FAE04EC0-301F-11D3-BF4B-00C04F79EFBC}") = "Vogel.Host", "Vogel.Host\Vogel.Host.csproj", "{105BD321-6A1B-4305-8C03-5715BEE11691}"
EndProject
Global
	GlobalSection(SolutionConfigurationPlatforms) = preSolution
		Debug|Any CPU = Debug|Any CPU
		Release|Any CPU = Release|Any CPU
	EndGlobalSection
	GlobalSection(ProjectConfigurationPlatforms) = postSolution
		{126D2E7F-2563-4252-B7BB-74E3358080F1}.Debug|Any CPU.ActiveCfg = Debug|Any CPU
		{126D2E7F-2563-4252-B7BB-74E3358080F1}.Debug|Any CPU.Build.0 = Debug|Any CPU
		{126D2E7F-2563-4252-B7BB-74E3358080F1}.Release|Any CPU.ActiveCfg = Release|Any CPU
		{126D2E7F-2563-4252-B7BB-74E3358080F1}.Release|Any CPU.Build.0 = Release|Any CPU
		{105BD321-6A1B-4305-8C03-5715BEE11691}.Debug|Any CPU.ActiveCfg = Debug|Any CPU
		{105BD321-6A1B-4305-8C03-5715BEE11691}.Debug|Any CPU.Build.0 = Debug|Any CPU
		{105BD321-6A1B-4305-8C03-5715BEE11691}.Release|Any CPU.ActiveCfg = Release|Any CPU
		{105BD321-6A1B-4305-8C03-5715BEE11691}.Release|Any CPU.Build.0 = Release|Any CPU
	EndGlobalSection
	GlobalSection(SolutionProperties) = preSolution
		HideSolutionNode = FALSE
	EndGlobalSection
	GlobalSection(ExtensibilityGlobals) = postSolution
		SolutionGuid = {A7AC3C50-99B3-48CD-965D-64A3D2BDD554}
	EndGlobalSection
EndGlobal
